
Microsoft Visual Studio Solution File, Format Version 12.00
# Visual Studio 15
VisualStudioVersion = 15.0.27004.2008
MinimumVisualStudioVersion = 10.0.40219.1
Project("{888888A0-9F3D-457C-B088-3A5042F75D52}") = "open_file_editfile", "open_file_editfile\open_file_editfile.pyproj", "{297C2C7C-2069-49EC-B0DE-989872E3ECBA}"
EndProject
Global
	GlobalSection(SolutionConfigurationPlatforms) = preSolution
		Debug|Any CPU = Debug|Any CPU
		Release|Any CPU = Release|Any CPU
	EndGlobalSection
	GlobalSection(ProjectConfigurationPlatforms) = postSolution
		{297C2C7C-2069-49EC-B0DE-989872E3ECBA}.Debug|Any CPU.ActiveCfg = Debug|Any CPU
		{297C2C7C-2069-49EC-B0DE-989872E3ECBA}.Release|Any CPU.ActiveCfg = Release|Any CPU
	EndGlobalSection
	GlobalSection(SolutionProperties) = preSolution
		HideSolutionNode = FALSE
	EndGlobalSection
	GlobalSection(ExtensibilityGlobals) = postSolution
		SolutionGuid = {9487CF93-51AF-49AD-84A4-8E1497DFF876}
	EndGlobalSection
EndGlobal
