
Microsoft Visual Studio Solution File, Format Version 12.00
# Visual Studio 15
VisualStudioVersion = 15.0.27004.2008
MinimumVisualStudioVersion = 10.0.40219.1
Project("{888888A0-9F3D-457C-B088-3A5042F75D52}") = "QT_dev", "QT_dev\QT_dev.pyproj", "{45BABDEC-FE9A-4C35-A92A-99836340F9E4}"
EndProject
Global
	GlobalSection(SolutionConfigurationPlatforms) = preSolution
		Debug|Any CPU = Debug|Any CPU
		Release|Any CPU = Release|Any CPU
	EndGlobalSection
	GlobalSection(ProjectConfigurationPlatforms) = postSolution
		{45BABDEC-FE9A-4C35-A92A-99836340F9E4}.Debug|Any CPU.ActiveCfg = Debug|Any CPU
		{45BABDEC-FE9A-4C35-A92A-99836340F9E4}.Release|Any CPU.ActiveCfg = Release|Any CPU
	EndGlobalSection
	GlobalSection(SolutionProperties) = preSolution
		HideSolutionNode = FALSE
	EndGlobalSection
	GlobalSection(ExtensibilityGlobals) = postSolution
		SolutionGuid = {9899D85D-6DEB-460A-B25B-5CF9C8AEDB8C}
	EndGlobalSection
EndGlobal
