
Microsoft Visual Studio Solution File, Format Version 12.00
# Visual Studio 15
VisualStudioVersion = 15.0.27004.2008
MinimumVisualStudioVersion = 10.0.40219.1
Project("{888888A0-9F3D-457C-B088-3A5042F75D52}") = "progress_bar", "progress_bar\progress_bar.pyproj", "{79C0664B-5920-4127-89EA-985824476D47}"
EndProject
Global
	GlobalSection(SolutionConfigurationPlatforms) = preSolution
		Debug|Any CPU = Debug|Any CPU
		Release|Any CPU = Release|Any CPU
	EndGlobalSection
	GlobalSection(ProjectConfigurationPlatforms) = postSolution
		{79C0664B-5920-4127-89EA-985824476D47}.Debug|Any CPU.ActiveCfg = Debug|Any CPU
		{79C0664B-5920-4127-89EA-985824476D47}.Release|Any CPU.ActiveCfg = Release|Any CPU
	EndGlobalSection
	GlobalSection(SolutionProperties) = preSolution
		HideSolutionNode = FALSE
	EndGlobalSection
	GlobalSection(ExtensibilityGlobals) = postSolution
		SolutionGuid = {848CF60D-5064-4FFB-BB1C-C611E05E352F}
	EndGlobalSection
EndGlobal
