
Microsoft Visual Studio Solution File, Format Version 12.00
# Visual Studio 15
VisualStudioVersion = 15.0.27004.2008
MinimumVisualStudioVersion = 10.0.40219.1
Project("{888888A0-9F3D-457C-B088-3A5042F75D52}") = "Qgrid_layout", "Qgrid_layout\Qgrid_layout.pyproj", "{43ED0B92-1454-4E3B-9BB1-5072A51F01F8}"
EndProject
Global
	GlobalSection(SolutionConfigurationPlatforms) = preSolution
		Debug|Any CPU = Debug|Any CPU
		Release|Any CPU = Release|Any CPU
	EndGlobalSection
	GlobalSection(ProjectConfigurationPlatforms) = postSolution
		{43ED0B92-1454-4E3B-9BB1-5072A51F01F8}.Debug|Any CPU.ActiveCfg = Debug|Any CPU
		{43ED0B92-1454-4E3B-9BB1-5072A51F01F8}.Release|Any CPU.ActiveCfg = Release|Any CPU
	EndGlobalSection
	GlobalSection(SolutionProperties) = preSolution
		HideSolutionNode = FALSE
	EndGlobalSection
	GlobalSection(ExtensibilityGlobals) = postSolution
		SolutionGuid = {6C0014C5-FB5A-4A48-8A49-045A19DF4F66}
	EndGlobalSection
EndGlobal
