
Microsoft Visual Studio Solution File, Format Version 12.00
# Visual Studio 15
VisualStudioVersion = 15.0.27004.2008
MinimumVisualStudioVersion = 10.0.40219.1
Project("{888888A0-9F3D-457C-B088-3A5042F75D52}") = "Check_box", "Check_box\Check_box.pyproj", "{B0840776-6771-49E7-8ECD-D28D58565539}"
EndProject
Global
	GlobalSection(SolutionConfigurationPlatforms) = preSolution
		Debug|Any CPU = Debug|Any CPU
		Release|Any CPU = Release|Any CPU
	EndGlobalSection
	GlobalSection(ProjectConfigurationPlatforms) = postSolution
		{B0840776-6771-49E7-8ECD-D28D58565539}.Debug|Any CPU.ActiveCfg = Debug|Any CPU
		{B0840776-6771-49E7-8ECD-D28D58565539}.Release|Any CPU.ActiveCfg = Release|Any CPU
	EndGlobalSection
	GlobalSection(SolutionProperties) = preSolution
		HideSolutionNode = FALSE
	EndGlobalSection
	GlobalSection(ExtensibilityGlobals) = postSolution
		SolutionGuid = {6960EC1F-200D-42D5-8D33-554DFD9250B5}
	EndGlobalSection
EndGlobal
