
Microsoft Visual Studio Solution File, Format Version 12.00
# Visual Studio 15
VisualStudioVersion = 15.0.27004.2008
MinimumVisualStudioVersion = 10.0.40219.1
Project("{888888A0-9F3D-457C-B088-3A5042F75D52}") = "Dropdown_styles", "Dropdown_styles\Dropdown_styles.pyproj", "{90C60DEE-78E8-4B8A-8313-FBFA4B7669C3}"
EndProject
Global
	GlobalSection(SolutionConfigurationPlatforms) = preSolution
		Debug|Any CPU = Debug|Any CPU
		Release|Any CPU = Release|Any CPU
	EndGlobalSection
	GlobalSection(ProjectConfigurationPlatforms) = postSolution
		{90C60DEE-78E8-4B8A-8313-FBFA4B7669C3}.Debug|Any CPU.ActiveCfg = Debug|Any CPU
		{90C60DEE-78E8-4B8A-8313-FBFA4B7669C3}.Release|Any CPU.ActiveCfg = Release|Any CPU
	EndGlobalSection
	GlobalSection(SolutionProperties) = preSolution
		HideSolutionNode = FALSE
	EndGlobalSection
	GlobalSection(ExtensibilityGlobals) = postSolution
		SolutionGuid = {7AB24D16-3376-486F-A44B-9343A2CDFF6E}
	EndGlobalSection
EndGlobal
