
Microsoft Visual Studio Solution File, Format Version 12.00
# Visual Studio 15
VisualStudioVersion = 15.0.27004.2008
MinimumVisualStudioVersion = 10.0.40219.1
Project("{888888A0-9F3D-457C-B088-3A5042F75D52}") = "front_widget", "front_widget\front_widget.pyproj", "{D5FE6F2B-0061-41FE-813F-51359D9C0AF7}"
EndProject
Global
	GlobalSection(SolutionConfigurationPlatforms) = preSolution
		Debug|Any CPU = Debug|Any CPU
		Release|Any CPU = Release|Any CPU
	EndGlobalSection
	GlobalSection(ProjectConfigurationPlatforms) = postSolution
		{D5FE6F2B-0061-41FE-813F-51359D9C0AF7}.Debug|Any CPU.ActiveCfg = Debug|Any CPU
		{D5FE6F2B-0061-41FE-813F-51359D9C0AF7}.Release|Any CPU.ActiveCfg = Release|Any CPU
	EndGlobalSection
	GlobalSection(SolutionProperties) = preSolution
		HideSolutionNode = FALSE
	EndGlobalSection
	GlobalSection(ExtensibilityGlobals) = postSolution
		SolutionGuid = {7F372F69-1B72-4879-B682-F02E72E83CE2}
	EndGlobalSection
EndGlobal
