
Microsoft Visual Studio Solution File, Format Version 12.00
# Visual Studio 15
VisualStudioVersion = 15.0.27004.2008
MinimumVisualStudioVersion = 10.0.40219.1
Project("{888888A0-9F3D-457C-B088-3A5042F75D52}") = "Menubar", "Menubar\Menubar.pyproj", "{5EE50210-7FAA-4978-BE12-81680A8CB197}"
EndProject
Global
	GlobalSection(SolutionConfigurationPlatforms) = preSolution
		Debug|Any CPU = Debug|Any CPU
		Release|Any CPU = Release|Any CPU
	EndGlobalSection
	GlobalSection(ProjectConfigurationPlatforms) = postSolution
		{5EE50210-7FAA-4978-BE12-81680A8CB197}.Debug|Any CPU.ActiveCfg = Debug|Any CPU
		{5EE50210-7FAA-4978-BE12-81680A8CB197}.Release|Any CPU.ActiveCfg = Release|Any CPU
	EndGlobalSection
	GlobalSection(SolutionProperties) = preSolution
		HideSolutionNode = FALSE
	EndGlobalSection
	GlobalSection(ExtensibilityGlobals) = postSolution
		SolutionGuid = {16B4EC02-B7C1-4F61-A944-2E54EE6C3D4E}
	EndGlobalSection
EndGlobal
